
Microsoft Visual Studio Solution File, Format Version 12.00
# Visual Studio Version 17
VisualStudioVersion = 17.4.33213.308
MinimumVisualStudioVersion = 10.0.40219.1
Project("{FAE04EC0-301F-11D3-BF4B-00C04F79EFBC}") = "ContaBancaria", "ContaBancaria\ContaBancaria.csproj", "{EF535C08-2E78-4376-B43A-F2B9428FA376}"
EndProject
Global
	GlobalSection(SolutionConfigurationPlatforms) = preSolution
		Debug|Any CPU = Debug|Any CPU
		Release|Any CPU = Release|Any CPU
	EndGlobalSection
	GlobalSection(ProjectConfigurationPlatforms) = postSolution
		{EF535C08-2E78-4376-B43A-F2B9428FA376}.Debug|Any CPU.ActiveCfg = Debug|Any CPU
		{EF535C08-2E78-4376-B43A-F2B9428FA376}.Debug|Any CPU.Build.0 = Debug|Any CPU
		{EF535C08-2E78-4376-B43A-F2B9428FA376}.Release|Any CPU.ActiveCfg = Release|Any CPU
		{EF535C08-2E78-4376-B43A-F2B9428FA376}.Release|Any CPU.Build.0 = Release|Any CPU
	EndGlobalSection
	GlobalSection(SolutionProperties) = preSolution
		HideSolutionNode = FALSE
	EndGlobalSection
	GlobalSection(ExtensibilityGlobals) = postSolution
		SolutionGuid = {87A48853-352F-48AF-8F6E-CF44432196E8}
	EndGlobalSection
EndGlobal
