
Microsoft Visual Studio Solution File, Format Version 12.00
# Visual Studio Version 17
VisualStudioVersion = 17.9.34622.214
MinimumVisualStudioVersion = 10.0.40219.1
Project("{FAE04EC0-301F-11D3-BF4B-00C04F79EFBC}") = "Avião", "Avião\Avião.csproj", "{B3157A9F-FF5B-4A92-A78E-69CD1D990367}"
EndProject
Global
	GlobalSection(SolutionConfigurationPlatforms) = preSolution
		Debug|Any CPU = Debug|Any CPU
		Release|Any CPU = Release|Any CPU
	EndGlobalSection
	GlobalSection(ProjectConfigurationPlatforms) = postSolution
		{B3157A9F-FF5B-4A92-A78E-69CD1D990367}.Debug|Any CPU.ActiveCfg = Debug|Any CPU
		{B3157A9F-FF5B-4A92-A78E-69CD1D990367}.Debug|Any CPU.Build.0 = Debug|Any CPU
		{B3157A9F-FF5B-4A92-A78E-69CD1D990367}.Release|Any CPU.ActiveCfg = Release|Any CPU
		{B3157A9F-FF5B-4A92-A78E-69CD1D990367}.Release|Any CPU.Build.0 = Release|Any CPU
	EndGlobalSection
	GlobalSection(SolutionProperties) = preSolution
		HideSolutionNode = FALSE
	EndGlobalSection
	GlobalSection(ExtensibilityGlobals) = postSolution
		SolutionGuid = {E2037286-DECA-4D10-B753-388C90F192B5}
	EndGlobalSection
EndGlobal
