
Microsoft Visual Studio Solution File, Format Version 12.00
# Visual Studio Version 17
VisualStudioVersion = 17.9.34723.18
MinimumVisualStudioVersion = 10.0.40219.1
Project("{FAE04EC0-301F-11D3-BF4B-00C04F79EFBC}") = "Conta", "Conta\Conta.csproj", "{E9A10E2D-69B5-4562-AE9B-EA27A5ACA14C}"
EndProject
Global
	GlobalSection(SolutionConfigurationPlatforms) = preSolution
		Debug|Any CPU = Debug|Any CPU
		Release|Any CPU = Release|Any CPU
	EndGlobalSection
	GlobalSection(ProjectConfigurationPlatforms) = postSolution
		{E9A10E2D-69B5-4562-AE9B-EA27A5ACA14C}.Debug|Any CPU.ActiveCfg = Debug|Any CPU
		{E9A10E2D-69B5-4562-AE9B-EA27A5ACA14C}.Debug|Any CPU.Build.0 = Debug|Any CPU
		{E9A10E2D-69B5-4562-AE9B-EA27A5ACA14C}.Release|Any CPU.ActiveCfg = Release|Any CPU
		{E9A10E2D-69B5-4562-AE9B-EA27A5ACA14C}.Release|Any CPU.Build.0 = Release|Any CPU
	EndGlobalSection
	GlobalSection(SolutionProperties) = preSolution
		HideSolutionNode = FALSE
	EndGlobalSection
	GlobalSection(ExtensibilityGlobals) = postSolution
		SolutionGuid = {26746600-0E21-405A-A4DF-1F65C9F4A27D}
	EndGlobalSection
EndGlobal
