
Microsoft Visual Studio Solution File, Format Version 12.00
# Visual Studio Version 17
VisualStudioVersion = 17.4.33213.308
MinimumVisualStudioVersion = 10.0.40219.1
Project("{FAE04EC0-301F-11D3-BF4B-00C04F79EFBC}") = "ExemploParametro", "ExemploParametro\ExemploParametro.csproj", "{04B595A2-DA5F-44F4-B78E-087D2CA9EA67}"
EndProject
Global
	GlobalSection(SolutionConfigurationPlatforms) = preSolution
		Debug|Any CPU = Debug|Any CPU
		Release|Any CPU = Release|Any CPU
	EndGlobalSection
	GlobalSection(ProjectConfigurationPlatforms) = postSolution
		{04B595A2-DA5F-44F4-B78E-087D2CA9EA67}.Debug|Any CPU.ActiveCfg = Debug|Any CPU
		{04B595A2-DA5F-44F4-B78E-087D2CA9EA67}.Debug|Any CPU.Build.0 = Debug|Any CPU
		{04B595A2-DA5F-44F4-B78E-087D2CA9EA67}.Release|Any CPU.ActiveCfg = Release|Any CPU
		{04B595A2-DA5F-44F4-B78E-087D2CA9EA67}.Release|Any CPU.Build.0 = Release|Any CPU
	EndGlobalSection
	GlobalSection(SolutionProperties) = preSolution
		HideSolutionNode = FALSE
	EndGlobalSection
	GlobalSection(ExtensibilityGlobals) = postSolution
		SolutionGuid = {DEE490FA-4015-4B0C-8456-DC750B51BF39}
	EndGlobalSection
EndGlobal
